
Microsoft Visual Studio Solution File, Format Version 12.00
# Visual Studio 15
VisualStudioVersion = 15.0.27428.2015
MinimumVisualStudioVersion = 10.0.40219.1
Project("{FAE04EC0-301F-11D3-BF4B-00C04F79EFBC}") = "CDWarehouse", "CDWarehouse\CDWarehouse.csproj", "{F107741E-6AAC-4BFF-8F94-E9DC04B7B4A1}"
EndProject
Project("{FAE04EC0-301F-11D3-BF4B-00C04F79EFBC}") = "CDWarehouseTests", "CDWarehouseTests\CDWarehouseTests.csproj", "{F0043C34-89AE-49E1-8BAC-18B013D8BF33}"
EndProject
Global
	GlobalSection(SolutionConfigurationPlatforms) = preSolution
		Debug|Any CPU = Debug|Any CPU
		Release|Any CPU = Release|Any CPU
	EndGlobalSection
	GlobalSection(ProjectConfigurationPlatforms) = postSolution
		{F107741E-6AAC-4BFF-8F94-E9DC04B7B4A1}.Debug|Any CPU.ActiveCfg = Debug|Any CPU
		{F107741E-6AAC-4BFF-8F94-E9DC04B7B4A1}.Debug|Any CPU.Build.0 = Debug|Any CPU
		{F107741E-6AAC-4BFF-8F94-E9DC04B7B4A1}.Release|Any CPU.ActiveCfg = Release|Any CPU
		{F107741E-6AAC-4BFF-8F94-E9DC04B7B4A1}.Release|Any CPU.Build.0 = Release|Any CPU
		{F0043C34-89AE-49E1-8BAC-18B013D8BF33}.Debug|Any CPU.ActiveCfg = Debug|Any CPU
		{F0043C34-89AE-49E1-8BAC-18B013D8BF33}.Debug|Any CPU.Build.0 = Debug|Any CPU
		{F0043C34-89AE-49E1-8BAC-18B013D8BF33}.Release|Any CPU.ActiveCfg = Release|Any CPU
		{F0043C34-89AE-49E1-8BAC-18B013D8BF33}.Release|Any CPU.Build.0 = Release|Any CPU
	EndGlobalSection
	GlobalSection(SolutionProperties) = preSolution
		HideSolutionNode = FALSE
	EndGlobalSection
	GlobalSection(ExtensibilityGlobals) = postSolution
		SolutionGuid = {B91B2574-6772-4A8E-BEF6-9A57FA5A687F}
	EndGlobalSection
EndGlobal
